
Microsoft Visual Studio Solution File, Format Version 12.00
# Visual Studio Version 17
VisualStudioVersion = 17.0.31903.59
MinimumVisualStudioVersion = 10.0.40219.1
Project("{2150E333-8FDC-42A3-9474-1A3956D46DE8}") = "src", "src", "{827E0CD3-B72D-47B6-A68D-7590B98EB39B}"
EndProject
Project("{FAE04EC0-301F-11D3-BF4B-00C04F79EFBC}") = "Ged.Domain", "src\Ged.Domain\Ged.Domain.csproj", "{598A3AC8-8323-4B28-BAF7-E8C863BA8D26}"
EndProject
Project("{2150E333-8FDC-42A3-9474-1A3956D46DE8}") = "tests", "tests", "{0AB3BF05-4346-4AA6-1389-037BE0695223}"
EndProject
Project("{FAE04EC0-301F-11D3-BF4B-00C04F79EFBC}") = "Ged.Domain.Tests", "tests\Ged.Domain.Tests\Ged.Domain.Tests.csproj", "{E2BEEE8C-2B32-4DF7-B8E0-61558AACC092}"
EndProject
Project("{FAE04EC0-301F-11D3-BF4B-00C04F79EFBC}") = "Ged.Core", "src\Ged.Core\Ged.Core.csproj", "{25D3532E-819F-47EF-B587-45C6DB92A2D9}"
EndProject
Project("{FAE04EC0-301F-11D3-BF4B-00C04F79EFBC}") = "Ged.Adapters.Persistence", "src\Ged.Adapters.Persistence\Ged.Adapters.Persistence.csproj", "{5343C6CB-00C0-4868-8EB0-738B284ABCF5}"
EndProject
Project("{FAE04EC0-301F-11D3-BF4B-00C04F79EFBC}") = "Ged.Migrations", "src\Ged.Migrations\Ged.Migrations.csproj", "{D89D7148-8884-4A45-97D8-4A9910D41937}"
EndProject
Global
	GlobalSection(SolutionConfigurationPlatforms) = preSolution
		Debug|Any CPU = Debug|Any CPU
		Debug|x64 = Debug|x64
		Debug|x86 = Debug|x86
		Release|Any CPU = Release|Any CPU
		Release|x64 = Release|x64
		Release|x86 = Release|x86
	EndGlobalSection
	GlobalSection(ProjectConfigurationPlatforms) = postSolution
		{598A3AC8-8323-4B28-BAF7-E8C863BA8D26}.Debug|Any CPU.ActiveCfg = Debug|Any CPU
		{598A3AC8-8323-4B28-BAF7-E8C863BA8D26}.Debug|Any CPU.Build.0 = Debug|Any CPU
		{598A3AC8-8323-4B28-BAF7-E8C863BA8D26}.Debug|x64.ActiveCfg = Debug|Any CPU
		{598A3AC8-8323-4B28-BAF7-E8C863BA8D26}.Debug|x64.Build.0 = Debug|Any CPU
		{598A3AC8-8323-4B28-BAF7-E8C863BA8D26}.Debug|x86.ActiveCfg = Debug|Any CPU
		{598A3AC8-8323-4B28-BAF7-E8C863BA8D26}.Debug|x86.Build.0 = Debug|Any CPU
		{598A3AC8-8323-4B28-BAF7-E8C863BA8D26}.Release|Any CPU.ActiveCfg = Release|Any CPU
		{598A3AC8-8323-4B28-BAF7-E8C863BA8D26}.Release|Any CPU.Build.0 = Release|Any CPU
		{598A3AC8-8323-4B28-BAF7-E8C863BA8D26}.Release|x64.ActiveCfg = Release|Any CPU
		{598A3AC8-8323-4B28-BAF7-E8C863BA8D26}.Release|x64.Build.0 = Release|Any CPU
		{598A3AC8-8323-4B28-BAF7-E8C863BA8D26}.Release|x86.ActiveCfg = Release|Any CPU
		{598A3AC8-8323-4B28-BAF7-E8C863BA8D26}.Release|x86.Build.0 = Release|Any CPU
		{E2BEEE8C-2B32-4DF7-B8E0-61558AACC092}.Debug|Any CPU.ActiveCfg = Debug|Any CPU
		{E2BEEE8C-2B32-4DF7-B8E0-61558AACC092}.Debug|Any CPU.Build.0 = Debug|Any CPU
		{E2BEEE8C-2B32-4DF7-B8E0-61558AACC092}.Debug|x64.ActiveCfg = Debug|Any CPU
		{E2BEEE8C-2B32-4DF7-B8E0-61558AACC092}.Debug|x64.Build.0 = Debug|Any CPU
		{E2BEEE8C-2B32-4DF7-B8E0-61558AACC092}.Debug|x86.ActiveCfg = Debug|Any CPU
		{E2BEEE8C-2B32-4DF7-B8E0-61558AACC092}.Debug|x86.Build.0 = Debug|Any CPU
		{E2BEEE8C-2B32-4DF7-B8E0-61558AACC092}.Release|Any CPU.ActiveCfg = Release|Any CPU
		{E2BEEE8C-2B32-4DF7-B8E0-61558AACC092}.Release|Any CPU.Build.0 = Release|Any CPU
		{E2BEEE8C-2B32-4DF7-B8E0-61558AACC092}.Release|x64.ActiveCfg = Release|Any CPU
		{E2BEEE8C-2B32-4DF7-B8E0-61558AACC092}.Release|x64.Build.0 = Release|Any CPU
		{E2BEEE8C-2B32-4DF7-B8E0-61558AACC092}.Release|x86.ActiveCfg = Release|Any CPU
		{E2BEEE8C-2B32-4DF7-B8E0-61558AACC092}.Release|x86.Build.0 = Release|Any CPU
		{25D3532E-819F-47EF-B587-45C6DB92A2D9}.Debug|Any CPU.ActiveCfg = Debug|Any CPU
		{25D3532E-819F-47EF-B587-45C6DB92A2D9}.Debug|Any CPU.Build.0 = Debug|Any CPU
		{25D3532E-819F-47EF-B587-45C6DB92A2D9}.Debug|x64.ActiveCfg = Debug|Any CPU
		{25D3532E-819F-47EF-B587-45C6DB92A2D9}.Debug|x64.Build.0 = Debug|Any CPU
		{25D3532E-819F-47EF-B587-45C6DB92A2D9}.Debug|x86.ActiveCfg = Debug|Any CPU
		{25D3532E-819F-47EF-B587-45C6DB92A2D9}.Debug|x86.Build.0 = Debug|Any CPU
		{25D3532E-819F-47EF-B587-45C6DB92A2D9}.Release|Any CPU.ActiveCfg = Release|Any CPU
		{25D3532E-819F-47EF-B587-45C6DB92A2D9}.Release|Any CPU.Build.0 = Release|Any CPU
		{25D3532E-819F-47EF-B587-45C6DB92A2D9}.Release|x64.ActiveCfg = Release|Any CPU
		{25D3532E-819F-47EF-B587-45C6DB92A2D9}.Release|x64.Build.0 = Release|Any CPU
		{25D3532E-819F-47EF-B587-45C6DB92A2D9}.Release|x86.ActiveCfg = Release|Any CPU
		{25D3532E-819F-47EF-B587-45C6DB92A2D9}.Release|x86.Build.0 = Release|Any CPU
		{5343C6CB-00C0-4868-8EB0-738B284ABCF5}.Debug|Any CPU.ActiveCfg = Debug|Any CPU
		{5343C6CB-00C0-4868-8EB0-738B284ABCF5}.Debug|Any CPU.Build.0 = Debug|Any CPU
		{5343C6CB-00C0-4868-8EB0-738B284ABCF5}.Debug|x64.ActiveCfg = Debug|Any CPU
		{5343C6CB-00C0-4868-8EB0-738B284ABCF5}.Debug|x64.Build.0 = Debug|Any CPU
		{5343C6CB-00C0-4868-8EB0-738B284ABCF5}.Debug|x86.ActiveCfg = Debug|Any CPU
		{5343C6CB-00C0-4868-8EB0-738B284ABCF5}.Debug|x86.Build.0 = Debug|Any CPU
		{5343C6CB-00C0-4868-8EB0-738B284ABCF5}.Release|Any CPU.ActiveCfg = Release|Any CPU
		{5343C6CB-00C0-4868-8EB0-738B284ABCF5}.Release|Any CPU.Build.0 = Release|Any CPU
		{5343C6CB-00C0-4868-8EB0-738B284ABCF5}.Release|x64.ActiveCfg = Release|Any CPU
		{5343C6CB-00C0-4868-8EB0-738B284ABCF5}.Release|x64.Build.0 = Release|Any CPU
		{5343C6CB-00C0-4868-8EB0-738B284ABCF5}.Release|x86.ActiveCfg = Release|Any CPU
		{5343C6CB-00C0-4868-8EB0-738B284ABCF5}.Release|x86.Build.0 = Release|Any CPU
		{D89D7148-8884-4A45-97D8-4A9910D41937}.Debug|Any CPU.ActiveCfg = Debug|Any CPU
		{D89D7148-8884-4A45-97D8-4A9910D41937}.Debug|Any CPU.Build.0 = Debug|Any CPU
		{D89D7148-8884-4A45-97D8-4A9910D41937}.Debug|x64.ActiveCfg = Debug|Any CPU
		{D89D7148-8884-4A45-97D8-4A9910D41937}.Debug|x64.Build.0 = Debug|Any CPU
		{D89D7148-8884-4A45-97D8-4A9910D41937}.Debug|x86.ActiveCfg = Debug|Any CPU
		{D89D7148-8884-4A45-97D8-4A9910D41937}.Debug|x86.Build.0 = Debug|Any CPU
		{D89D7148-8884-4A45-97D8-4A9910D41937}.Release|Any CPU.ActiveCfg = Release|Any CPU
		{D89D7148-8884-4A45-97D8-4A9910D41937}.Release|Any CPU.Build.0 = Release|Any CPU
		{D89D7148-8884-4A45-97D8-4A9910D41937}.Release|x64.ActiveCfg = Release|Any CPU
		{D89D7148-8884-4A45-97D8-4A9910D41937}.Release|x64.Build.0 = Release|Any CPU
		{D89D7148-8884-4A45-97D8-4A9910D41937}.Release|x86.ActiveCfg = Release|Any CPU
		{D89D7148-8884-4A45-97D8-4A9910D41937}.Release|x86.Build.0 = Release|Any CPU
	EndGlobalSection
	GlobalSection(SolutionProperties) = preSolution
		HideSolutionNode = FALSE
	EndGlobalSection
	GlobalSection(NestedProjects) = preSolution
		{598A3AC8-8323-4B28-BAF7-E8C863BA8D26} = {827E0CD3-B72D-47B6-A68D-7590B98EB39B}
		{E2BEEE8C-2B32-4DF7-B8E0-61558AACC092} = {0AB3BF05-4346-4AA6-1389-037BE0695223}
		{25D3532E-819F-47EF-B587-45C6DB92A2D9} = {827E0CD3-B72D-47B6-A68D-7590B98EB39B}
		{5343C6CB-00C0-4868-8EB0-738B284ABCF5} = {827E0CD3-B72D-47B6-A68D-7590B98EB39B}
		{D89D7148-8884-4A45-97D8-4A9910D41937} = {827E0CD3-B72D-47B6-A68D-7590B98EB39B}
	EndGlobalSection
EndGlobal
